// !$*UTF8*$!
{
	archiveVersion = 1;
	classes = {
	};
	objectVersion = 46;
	objects = {

/* Begin PBXBuildFile section */
		3187389118417B5E00DCBF9D /* Foundation.framework in Frameworks */ = {isa = PBXBuildFile; fileRef = 3187389018417B5E00DCBF9D /* Foundation.framework */; };
		3187389318417B5E00DCBF9D /* CoreGraphics.framework in Frameworks */ = {isa = PBXBuildFile; fileRef = 3187389218417B5E00DCBF9D /* CoreGraphics.framework */; };
		3187389518417B5E00DCBF9D /* UIKit.framework in Frameworks */ = {isa = PBXBuildFile; fileRef = 3187389418417B5E00DCBF9D /* UIKit.framework */; };
		3187389B18417B5E00DCBF9D /* InfoPlist.strings in Resources */ = {isa = PBXBuildFile; fileRef = 3187389918417B5E00DCBF9D /* InfoPlist.strings */; };
		3187389D18417B5E00DCBF9D /* main.m in Sources */ = {isa = PBXBuildFile; fileRef = 3187389C18417B5E00DCBF9D /* main.m */; };
		318738A118417B5E00DCBF9D /* AppDelegate.m in Sources */ = {isa = PBXBuildFile; fileRef = 318738A018417B5E00DCBF9D /* AppDelegate.m */; };
		318738A418417B5E00DCBF9D /* Main.storyboard in Resources */ = {isa = PBXBuildFile; fileRef = 318738A218417B5E00DCBF9D /* Main.storyboard */; };
		318738A718417B5E00DCBF9D /* ViewController.m in Sources */ = {isa = PBXBuildFile; fileRef = 318738A618417B5E00DCBF9D /* ViewController.m */; };
		318738A918417B5E00DCBF9D /* Images.xcassets in Resources */ = {isa = PBXBuildFile; fileRef = 318738A818417B5E00DCBF9D /* Images.xcassets */; };
		318738B018417B5E00DCBF9D /* XCTest.framework in Frameworks */ = {isa = PBXBuildFile; fileRef = 318738AF18417B5E00DCBF9D /* XCTest.framework */; };
		318738B118417B5E00DCBF9D /* Foundation.framework in Frameworks */ = {isa = PBXBuildFile; fileRef = 3187389018417B5E00DCBF9D /* Foundation.framework */; };
		318738B218417B5E00DCBF9D /* UIKit.framework in Frameworks */ = {isa = PBXBuildFile; fileRef = 3187389418417B5E00DCBF9D /* UIKit.framework */; };
		318738BA18417B5E00DCBF9D /* InfoPlist.strings in Resources */ = {isa = PBXBuildFile; fileRef = 318738B818417B5E00DCBF9D /* InfoPlist.strings */; };
		318738BC18417B5E00DCBF9D /* Cat_FinderTests.m in Sources */ = {isa = PBXBuildFile; fileRef = 318738BB18417B5E00DCBF9D /* Cat_FinderTests.m */; };
		318738C818417DBA00DCBF9D /* AudioToolbox.framework in Frameworks */ = {isa = PBXBuildFile; fileRef = 318738C718417DBA00DCBF9D /* AudioToolbox.framework */; };
		318738CA18417DC700DCBF9D /* CFNetwork.framework in Frameworks */ = {isa = PBXBuildFile; fileRef = 318738C918417DC700DCBF9D /* CFNetwork.framework */; };
		318738CC18417DDE00DCBF9D /* CoreLocation.framework in Frameworks */ = {isa = PBXBuildFile; fileRef = 318738CB18417DDE00DCBF9D /* CoreLocation.framework */; };
		318738CE18417E1400DCBF9D /* libz.1.1.3.dylib in Frameworks */ = {isa = PBXBuildFile; fileRef = 318738CD18417E1400DCBF9D /* libz.1.1.3.dylib */; };
		318738D018417E2000DCBF9D /* MobileCoreServices.framework in Frameworks */ = {isa = PBXBuildFile; fileRef = 318738CF18417E2000DCBF9D /* MobileCoreServices.framework */; };
		318738D218417E2A00DCBF9D /* QuartzCore.framework in Frameworks */ = {isa = PBXBuildFile; fileRef = 318738D118417E2A00DCBF9D /* QuartzCore.framework */; };
		318738D418417E3200DCBF9D /* Security.framework in Frameworks */ = {isa = PBXBuildFile; fileRef = 318738D318417E3200DCBF9D /* Security.framework */; };
		318738D618417E3D00DCBF9D /* StoreKit.framework in Frameworks */ = {isa = PBXBuildFile; fileRef = 318738D518417E3D00DCBF9D /* StoreKit.framework */; };
		318738D818417E4600DCBF9D /* SystemConfiguration.framework in Frameworks */ = {isa = PBXBuildFile; fileRef = 318738D718417E4600DCBF9D /* SystemConfiguration.framework */; };
		318738DB18418B9700DCBF9D /* LoginViewController.m in Sources */ = {isa = PBXBuildFile; fileRef = 318738DA18418B9700DCBF9D /* LoginViewController.m */; };
		318738DE1841A33C00DCBF9D /* EditProfileViewController.m in Sources */ = {isa = PBXBuildFile; fileRef = 318738DD1841A33C00DCBF9D /* EditProfileViewController.m */; };
		318738E11841CCAD00DCBF9D /* CatCell.m in Sources */ = {isa = PBXBuildFile; fileRef = 318738E01841CCAD00DCBF9D /* CatCell.m */; };
		318738E71841D38E00DCBF9D /* CatFoundViewController.m in Sources */ = {isa = PBXBuildFile; fileRef = 318738E61841D38E00DCBF9D /* CatFoundViewController.m */; };
		318738EA1841ED2900DCBF9D /* CatSubmitViewController.m in Sources */ = {isa = PBXBuildFile; fileRef = 318738E91841ED2900DCBF9D /* CatSubmitViewController.m */; };
		EF3D728D184B967E00F0DE62 /* Parse.framework in Frameworks */ = {isa = PBXBuildFile; fileRef = EF3D728C184B967E00F0DE62 /* Parse.framework */; };
/* End PBXBuildFile section */

/* Begin PBXContainerItemProxy section */
		318738B318417B5E00DCBF9D /* PBXContainerItemProxy */ = {
			isa = PBXContainerItemProxy;
			containerPortal = 3187388518417B5E00DCBF9D /* Project object */;
			proxyType = 1;
			remoteGlobalIDString = 3187388C18417B5E00DCBF9D;
			remoteInfo = "Cat Finder";
		};
/* End PBXContainerItemProxy section */

/* Begin PBXFileReference section */
		3187388D18417B5E00DCBF9D /* Cat Finder.app */ = {isa = PBXFileReference; explicitFileType = wrapper.application; includeInIndex = 0; path = "Cat Finder.app"; sourceTree = BUILT_PRODUCTS_DIR; };
		3187389018417B5E00DCBF9D /* Foundation.framework */ = {isa = PBXFileReference; lastKnownFileType = wrapper.framework; name = Foundation.framework; path = System/Library/Frameworks/Foundation.framework; sourceTree = SDKROOT; };
		3187389218417B5E00DCBF9D /* CoreGraphics.framework */ = {isa = PBXFileReference; lastKnownFileType = wrapper.framework; name = CoreGraphics.framework; path = System/Library/Frameworks/CoreGraphics.framework; sourceTree = SDKROOT; };
		3187389418417B5E00DCBF9D /* UIKit.framework */ = {isa = PBXFileReference; lastKnownFileType = wrapper.framework; name = UIKit.framework; path = System/Library/Frameworks/UIKit.framework; sourceTree = SDKROOT; };
		3187389818417B5E00DCBF9D /* Cat Finder-Info.plist */ = {isa = PBXFileReference; lastKnownFileType = text.plist.xml; path = "Cat Finder-Info.plist"; sourceTree = "<group>"; };
		3187389A18417B5E00DCBF9D /* en */ = {isa = PBXFileReference; lastKnownFileType = text.plist.strings; name = en; path = en.lproj/InfoPlist.strings; sourceTree = "<group>"; };
		3187389C18417B5E00DCBF9D /* main.m */ = {isa = PBXFileReference; lastKnownFileType = sourcecode.c.objc; path = main.m; sourceTree = "<group>"; };
		3187389E18417B5E00DCBF9D /* Cat Finder-Prefix.pch */ = {isa = PBXFileReference; lastKnownFileType = sourcecode.c.h; path = "Cat Finder-Prefix.pch"; sourceTree = "<group>"; };
		3187389F18417B5E00DCBF9D /* AppDelegate.h */ = {isa = PBXFileReference; lastKnownFileType = sourcecode.c.h; path = AppDelegate.h; sourceTree = "<group>"; };
		318738A018417B5E00DCBF9D /* AppDelegate.m */ = {isa = PBXFileReference; lastKnownFileType = sourcecode.c.objc; path = AppDelegate.m; sourceTree = "<group>"; };
		318738A318417B5E00DCBF9D /* Base */ = {isa = PBXFileReference; lastKnownFileType = file.storyboard; name = Base; path = Base.lproj/Main.storyboard; sourceTree = "<group>"; };
		318738A518417B5E00DCBF9D /* ViewController.h */ = {isa = PBXFileReference; lastKnownFileType = sourcecode.c.h; path = ViewController.h; sourceTree = "<group>"; };
		318738A618417B5E00DCBF9D /* ViewController.m */ = {isa = PBXFileReference; lastKnownFileType = sourcecode.c.objc; path = ViewController.m; sourceTree = "<group>"; };
		318738A818417B5E00DCBF9D /* Images.xcassets */ = {isa = PBXFileReference; lastKnownFileType = folder.assetcatalog; path = Images.xcassets; sourceTree = "<group>"; };
		318738AE18417B5E00DCBF9D /* Cat FinderTests.xctest */ = {isa = PBXFileReference; explicitFileType = wrapper.cfbundle; includeInIndex = 0; path = "Cat FinderTests.xctest"; sourceTree = BUILT_PRODUCTS_DIR; };
		318738AF18417B5E00DCBF9D /* XCTest.framework */ = {isa = PBXFileReference; lastKnownFileType = wrapper.framework; name = XCTest.framework; path = Library/Frameworks/XCTest.framework; sourceTree = DEVELOPER_DIR; };
		318738B718417B5E00DCBF9D /* Cat FinderTests-Info.plist */ = {isa = PBXFileReference; lastKnownFileType = text.plist.xml; path = "Cat FinderTests-Info.plist"; sourceTree = "<group>"; };
		318738B918417B5E00DCBF9D /* en */ = {isa = PBXFileReference; lastKnownFileType = text.plist.strings; name = en; path = en.lproj/InfoPlist.strings; sourceTree = "<group>"; };
		318738BB18417B5E00DCBF9D /* Cat_FinderTests.m */ = {isa = PBXFileReference; lastKnownFileType = sourcecode.c.objc; path = Cat_FinderTests.m; sourceTree = "<group>"; };
		318738C718417DBA00DCBF9D /* AudioToolbox.framework */ = {isa = PBXFileReference; lastKnownFileType = wrapper.framework; name = AudioToolbox.framework; path = System/Library/Frameworks/AudioToolbox.framework; sourceTree = SDKROOT; };
		318738C918417DC700DCBF9D /* CFNetwork.framework */ = {isa = PBXFileReference; lastKnownFileType = wrapper.framework; name = CFNetwork.framework; path = System/Library/Frameworks/CFNetwork.framework; sourceTree = SDKROOT; };
		318738CB18417DDE00DCBF9D /* CoreLocation.framework */ = {isa = PBXFileReference; lastKnownFileType = wrapper.framework; name = CoreLocation.framework; path = System/Library/Frameworks/CoreLocation.framework; sourceTree = SDKROOT; };
		318738CD18417E1400DCBF9D /* libz.1.1.3.dylib */ = {isa = PBXFileReference; lastKnownFileType = "compiled.mach-o.dylib"; name = libz.1.1.3.dylib; path = usr/lib/libz.1.1.3.dylib; sourceTree = SDKROOT; };
		318738CF18417E2000DCBF9D /* MobileCoreServices.framework */ = {isa = PBXFileReference; lastKnownFileType = wrapper.framework; name = MobileCoreServices.framework; path = System/Library/Frameworks/MobileCoreServices.framework; sourceTree = SDKROOT; };
		318738D118417E2A00DCBF9D /* QuartzCore.framework */ = {isa = PBXFileReference; lastKnownFileType = wrapper.framework; name = QuartzCore.framework; path = System/Library/Frameworks/QuartzCore.framework; sourceTree = SDKROOT; };
		318738D318417E3200DCBF9D /* Security.framework */ = {isa = PBXFileReference; lastKnownFileType = wrapper.framework; name = Security.framework; path = System/Library/Frameworks/Security.framework; sourceTree = SDKROOT; };
		318738D518417E3D00DCBF9D /* StoreKit.framework */ = {isa = PBXFileReference; lastKnownFileType = wrapper.framework; name = StoreKit.framework; path = System/Library/Frameworks/StoreKit.framework; sourceTree = SDKROOT; };
		318738D718417E4600DCBF9D /* SystemConfiguration.framework */ = {isa = PBXFileReference; lastKnownFileType = wrapper.framework; name = SystemConfiguration.framework; path = System/Library/Frameworks/SystemConfiguration.framework; sourceTree = SDKROOT; };
		318738D918418B9700DCBF9D /* LoginViewController.h */ = {isa = PBXFileReference; fileEncoding = 4; lastKnownFileType = sourcecode.c.h; path = LoginViewController.h; sourceTree = "<group>"; };
		318738DA18418B9700DCBF9D /* LoginViewController.m */ = {isa = PBXFileReference; fileEncoding = 4; lastKnownFileType = sourcecode.c.objc; path = LoginViewController.m; sourceTree = "<group>"; };
		318738DC1841A33C00DCBF9D /* EditProfileViewController.h */ = {isa = PBXFileReference; fileEncoding = 4; lastKnownFileType = sourcecode.c.h; path = EditProfileViewController.h; sourceTree = "<group>"; };
		318738DD1841A33C00DCBF9D /* EditProfileViewController.m */ = {isa = PBXFileReference; fileEncoding = 4; lastKnownFileType = sourcecode.c.objc; path = EditProfileViewController.m; sourceTree = "<group>"; };
		318738DF1841CCAD00DCBF9D /* CatCell.h */ = {isa = PBXFileReference; fileEncoding = 4; lastKnownFileType = sourcecode.c.h; path = CatCell.h; sourceTree = "<group>"; };
		318738E01841CCAD00DCBF9D /* CatCell.m */ = {isa = PBXFileReference; fileEncoding = 4; lastKnownFileType = sourcecode.c.objc; path = CatCell.m; sourceTree = "<group>"; };
		318738E51841D38E00DCBF9D /* CatFoundViewController.h */ = {isa = PBXFileReference; fileEncoding = 4; lastKnownFileType = sourcecode.c.h; path = CatFoundViewController.h; sourceTree = "<group>"; };
		318738E61841D38E00DCBF9D /* CatFoundViewController.m */ = {isa = PBXFileReference; fileEncoding = 4; lastKnownFileType = sourcecode.c.objc; path = CatFoundViewController.m; sourceTree = "<group>"; };
		318738E81841ED2900DCBF9D /* CatSubmitViewController.h */ = {isa = PBXFileReference; fileEncoding = 4; lastKnownFileType = sourcecode.c.h; path = CatSubmitViewController.h; sourceTree = "<group>"; };
		318738E91841ED2900DCBF9D /* CatSubmitViewController.m */ = {isa = PBXFileReference; fileEncoding = 4; lastKnownFileType = sourcecode.c.objc; path = CatSubmitViewController.m; sourceTree = "<group>"; };
		EF3D728C184B967E00F0DE62 /* Parse.framework */ = {isa = PBXFileReference; lastKnownFileType = wrapper.framework; path = Parse.framework; sourceTree = "<group>"; };
/* End PBXFileReference section */

/* Begin PBXFrameworksBuildPhase section */
		3187388A18417B5E00DCBF9D /* Frameworks */ = {
			isa = PBXFrameworksBuildPhase;
			buildActionMask = 2147483647;
			files = (
				318738D818417E4600DCBF9D /* SystemConfiguration.framework in Frameworks */,
				318738D618417E3D00DCBF9D /* StoreKit.framework in Frameworks */,
				318738D418417E3200DCBF9D /* Security.framework in Frameworks */,
				318738D218417E2A00DCBF9D /* QuartzCore.framework in Frameworks */,
				318738D018417E2000DCBF9D /* MobileCoreServices.framework in Frameworks */,
				318738CE18417E1400DCBF9D /* libz.1.1.3.dylib in Frameworks */,
				EF3D728D184B967E00F0DE62 /* Parse.framework in Frameworks */,
				318738CC18417DDE00DCBF9D /* CoreLocation.framework in Frameworks */,
				3187389318417B5E00DCBF9D /* CoreGraphics.framework in Frameworks */,
				318738CA18417DC700DCBF9D /* CFNetwork.framework in Frameworks */,
				318738C818417DBA00DCBF9D /* AudioToolbox.framework in Frameworks */,
				3187389518417B5E00DCBF9D /* UIKit.framework in Frameworks */,
				3187389118417B5E00DCBF9D /* Foundation.framework in Frameworks */,
			);
			runOnlyForDeploymentPostprocessing = 0;
		};
		318738AB18417B5E00DCBF9D /* Frameworks */ = {
			isa = PBXFrameworksBuildPhase;
			buildActionMask = 2147483647;
			files = (
				318738B018417B5E00DCBF9D /* XCTest.framework in Frameworks */,
				318738B218417B5E00DCBF9D /* UIKit.framework in Frameworks */,
				318738B118417B5E00DCBF9D /* Foundation.framework in Frameworks */,
			);
			runOnlyForDeploymentPostprocessing = 0;
		};
/* End PBXFrameworksBuildPhase section */

/* Begin PBXGroup section */
		3187388418417B5E00DCBF9D = {
			isa = PBXGroup;
			children = (
				3187389618417B5E00DCBF9D /* Cat Finder */,
				318738B518417B5E00DCBF9D /* Cat FinderTests */,
				3187388F18417B5E00DCBF9D /* Frameworks */,
				3187388E18417B5E00DCBF9D /* Products */,
			);
			sourceTree = "<group>";
		};
		3187388E18417B5E00DCBF9D /* Products */ = {
			isa = PBXGroup;
			children = (
				3187388D18417B5E00DCBF9D /* Cat Finder.app */,
				318738AE18417B5E00DCBF9D /* Cat FinderTests.xctest */,
			);
			name = Products;
			sourceTree = "<group>";
		};
		3187388F18417B5E00DCBF9D /* Frameworks */ = {
			isa = PBXGroup;
			children = (
				EF3D728C184B967E00F0DE62 /* Parse.framework */,
				318738D718417E4600DCBF9D /* SystemConfiguration.framework */,
				318738D518417E3D00DCBF9D /* StoreKit.framework */,
				318738D318417E3200DCBF9D /* Security.framework */,
				318738D118417E2A00DCBF9D /* QuartzCore.framework */,
				318738CF18417E2000DCBF9D /* MobileCoreServices.framework */,
				318738CD18417E1400DCBF9D /* libz.1.1.3.dylib */,
				318738CB18417DDE00DCBF9D /* CoreLocation.framework */,
				318738C918417DC700DCBF9D /* CFNetwork.framework */,
				318738C718417DBA00DCBF9D /* AudioToolbox.framework */,
				3187389018417B5E00DCBF9D /* Foundation.framework */,
				3187389218417B5E00DCBF9D /* CoreGraphics.framework */,
				3187389418417B5E00DCBF9D /* UIKit.framework */,
				318738AF18417B5E00DCBF9D /* XCTest.framework */,
			);
			name = Frameworks;
			sourceTree = "<group>";
		};
		3187389618417B5E00DCBF9D /* Cat Finder */ = {
			isa = PBXGroup;
			children = (
				3187389F18417B5E00DCBF9D /* AppDelegate.h */,
				318738A018417B5E00DCBF9D /* AppDelegate.m */,
				318738A218417B5E00DCBF9D /* Main.storyboard */,
				318738E51841D38E00DCBF9D /* CatFoundViewController.h */,
				318738E81841ED2900DCBF9D /* CatSubmitViewController.h */,
				318738E91841ED2900DCBF9D /* CatSubmitViewController.m */,
				318738E61841D38E00DCBF9D /* CatFoundViewController.m */,
				318738DF1841CCAD00DCBF9D /* CatCell.h */,
				318738E01841CCAD00DCBF9D /* CatCell.m */,
				318738DC1841A33C00DCBF9D /* EditProfileViewController.h */,
				318738DD1841A33C00DCBF9D /* EditProfileViewController.m */,
				318738D918418B9700DCBF9D /* LoginViewController.h */,
				318738DA18418B9700DCBF9D /* LoginViewController.m */,
				318738A518417B5E00DCBF9D /* ViewController.h */,
				318738A618417B5E00DCBF9D /* ViewController.m */,
				318738A818417B5E00DCBF9D /* Images.xcassets */,
				3187389718417B5E00DCBF9D /* Supporting Files */,
			);
			path = "Cat Finder";
			sourceTree = "<group>";
		};
		3187389718417B5E00DCBF9D /* Supporting Files */ = {
			isa = PBXGroup;
			children = (
				3187389818417B5E00DCBF9D /* Cat Finder-Info.plist */,
				3187389918417B5E00DCBF9D /* InfoPlist.strings */,
				3187389C18417B5E00DCBF9D /* main.m */,
				3187389E18417B5E00DCBF9D /* Cat Finder-Prefix.pch */,
			);
			name = "Supporting Files";
			sourceTree = "<group>";
		};
		318738B518417B5E00DCBF9D /* Cat FinderTests */ = {
			isa = PBXGroup;
			children = (
				318738BB18417B5E00DCBF9D /* Cat_FinderTests.m */,
				318738B618417B5E00DCBF9D /* Supporting Files */,
			);
			path = "Cat FinderTests";
			sourceTree = "<group>";
		};
		318738B618417B5E00DCBF9D /* Supporting Files */ = {
			isa = PBXGroup;
			children = (
				318738B718417B5E00DCBF9D /* Cat FinderTests-Info.plist */,
				318738B818417B5E00DCBF9D /* InfoPlist.strings */,
			);
			name = "Supporting Files";
			sourceTree = "<group>";
		};
/* End PBXGroup section */

/* Begin PBXNativeTarget section */
		3187388C18417B5E00DCBF9D /* Cat Finder */ = {
			isa = PBXNativeTarget;
			buildConfigurationList = 318738BF18417B5E00DCBF9D /* Build configuration list for PBXNativeTarget "Cat Finder" */;
			buildPhases = (
				3187388918417B5E00DCBF9D /* Sources */,
				3187388A18417B5E00DCBF9D /* Frameworks */,
				3187388B18417B5E00DCBF9D /* Resources */,
			);
			buildRules = (
			);
			dependencies = (
			);
			name = "Cat Finder";
			productName = "Cat Finder";
			productReference = 3187388D18417B5E00DCBF9D /* Cat Finder.app */;
			productType = "com.apple.product-type.application";
		};
		318738AD18417B5E00DCBF9D /* Cat FinderTests */ = {
			isa = PBXNativeTarget;
			buildConfigurationList = 318738C218417B5E00DCBF9D /* Build configuration list for PBXNativeTarget "Cat FinderTests" */;
			buildPhases = (
				318738AA18417B5E00DCBF9D /* Sources */,
				318738AB18417B5E00DCBF9D /* Frameworks */,
				318738AC18417B5E00DCBF9D /* Resources */,
			);
			buildRules = (
			);
			dependencies = (
				318738B418417B5E00DCBF9D /* PBXTargetDependency */,
			);
			name = "Cat FinderTests";
			productName = "Cat FinderTests";
			productReference = 318738AE18417B5E00DCBF9D /* Cat FinderTests.xctest */;
			productType = "com.apple.product-type.bundle.unit-test";
		};
/* End PBXNativeTarget section */

/* Begin PBXProject section */
		3187388518417B5E00DCBF9D /* Project object */ = {
			isa = PBXProject;
			attributes = {
				LastUpgradeCheck = 0500;
				ORGANIZATIONNAME = "Jason Sheehan";
				TargetAttributes = {
					318738AD18417B5E00DCBF9D = {
						TestTargetID = 3187388C18417B5E00DCBF9D;
					};
				};
			};
			buildConfigurationList = 3187388818417B5E00DCBF9D /* Build configuration list for PBXProject "Cat Finder" */;
			compatibilityVersion = "Xcode 3.2";
			developmentRegion = English;
			hasScannedForEncodings = 0;
			knownRegions = (
				en,
				Base,
			);
			mainGroup = 3187388418417B5E00DCBF9D;
			productRefGroup = 3187388E18417B5E00DCBF9D /* Products */;
			projectDirPath = "";
			projectRoot = "";
			targets = (
				3187388C18417B5E00DCBF9D /* Cat Finder */,
				318738AD18417B5E00DCBF9D /* Cat FinderTests */,
			);
		};
/* End PBXProject section */

/* Begin PBXResourcesBuildPhase section */
		3187388B18417B5E00DCBF9D /* Resources */ = {
			isa = PBXResourcesBuildPhase;
			buildActionMask = 2147483647;
			files = (
				318738A918417B5E00DCBF9D /* Images.xcassets in Resources */,
				3187389B18417B5E00DCBF9D /* InfoPlist.strings in Resources */,
				318738A418417B5E00DCBF9D /* Main.storyboard in Resources */,
			);
			runOnlyForDeploymentPostprocessing = 0;
		};
		318738AC18417B5E00DCBF9D /* Resources */ = {
			isa = PBXResourcesBuildPhase;
			buildActionMask = 2147483647;
			files = (
				318738BA18417B5E00DCBF9D /* InfoPlist.strings in Resources */,
			);
			runOnlyForDeploymentPostprocessing = 0;
		};
/* End PBXResourcesBuildPhase section */

/* Begin PBXSourcesBuildPhase section */
		3187388918417B5E00DCBF9D /* Sources */ = {
			isa = PBXSourcesBuildPhase;
			buildActionMask = 2147483647;
			files = (
				318738E71841D38E00DCBF9D /* CatFoundViewController.m in Sources */,
				318738DB18418B9700DCBF9D /* LoginViewController.m in Sources */,
				318738A718417B5E00DCBF9D /* ViewController.m in Sources */,
				318738E11841CCAD00DCBF9D /* CatCell.m in Sources */,
				318738DE1841A33C00DCBF9D /* EditProfileViewController.m in Sources */,
				318738A118417B5E00DCBF9D /* AppDelegate.m in Sources */,
				3187389D18417B5E00DCBF9D /* main.m in Sources */,
				318738EA1841ED2900DCBF9D /* CatSubmitViewController.m in Sources */,
			);
			runOnlyForDeploymentPostprocessing = 0;
		};
		318738AA18417B5E00DCBF9D /* Sources */ = {
			isa = PBXSourcesBuildPhase;
			buildActionMask = 2147483647;
			files = (
				318738BC18417B5E00DCBF9D /* Cat_FinderTests.m in Sources */,
			);
			runOnlyForDeploymentPostprocessing = 0;
		};
/* End PBXSourcesBuildPhase section */

/* Begin PBXTargetDependency section */
		318738B418417B5E00DCBF9D /* PBXTargetDependency */ = {
			isa = PBXTargetDependency;
			target = 3187388C18417B5E00DCBF9D /* Cat Finder */;
			targetProxy = 318738B318417B5E00DCBF9D /* PBXContainerItemProxy */;
		};
/* End PBXTargetDependency section */

/* Begin PBXVariantGroup section */
		3187389918417B5E00DCBF9D /* InfoPlist.strings */ = {
			isa = PBXVariantGroup;
			children = (
				3187389A18417B5E00DCBF9D /* en */,
			);
			name = InfoPlist.strings;
			sourceTree = "<group>";
		};
		318738A218417B5E00DCBF9D /* Main.storyboard */ = {
			isa = PBXVariantGroup;
			children = (
				318738A318417B5E00DCBF9D /* Base */,
			);
			name = Main.storyboard;
			sourceTree = "<group>";
		};
		318738B818417B5E00DCBF9D /* InfoPlist.strings */ = {
			isa = PBXVariantGroup;
			children = (
				318738B918417B5E00DCBF9D /* en */,
			);
			name = InfoPlist.strings;
			sourceTree = "<group>";
		};
/* End PBXVariantGroup section */

/* Begin XCBuildConfiguration section */
		318738BD18417B5E00DCBF9D /* Debug */ = {
			isa = XCBuildConfiguration;
			buildSettings = {
				ALWAYS_SEARCH_USER_PATHS = NO;
				ARCHS = "$(ARCHS_STANDARD_INCLUDING_64_BIT)";
				CLANG_CXX_LANGUAGE_STANDARD = "gnu++0x";
				CLANG_CXX_LIBRARY = "libc++";
				CLANG_ENABLE_MODULES = YES;
				CLANG_ENABLE_OBJC_ARC = YES;
				CLANG_WARN_BOOL_CONVERSION = YES;
				CLANG_WARN_CONSTANT_CONVERSION = YES;
				CLANG_WARN_DIRECT_OBJC_ISA_USAGE = YES_ERROR;
				CLANG_WARN_EMPTY_BODY = YES;
				CLANG_WARN_ENUM_CONVERSION = YES;
				CLANG_WARN_INT_CONVERSION = YES;
				CLANG_WARN_OBJC_ROOT_CLASS = YES_ERROR;
				CLANG_WARN__DUPLICATE_METHOD_MATCH = YES;
				"CODE_SIGN_IDENTITY[sdk=iphoneos*]" = "iPhone Developer";
				COPY_PHASE_STRIP = NO;
				GCC_C_LANGUAGE_STANDARD = gnu99;
				GCC_DYNAMIC_NO_PIC = NO;
				GCC_OPTIMIZATION_LEVEL = 0;
				GCC_PREPROCESSOR_DEFINITIONS = (
					"DEBUG=1",
					"$(inherited)",
				);
				GCC_SYMBOLS_PRIVATE_EXTERN = NO;
				GCC_WARN_64_TO_32_BIT_CONVERSION = YES;
				GCC_WARN_ABOUT_RETURN_TYPE = YES_ERROR;
				GCC_WARN_UNDECLARED_SELECTOR = YES;
				GCC_WARN_UNINITIALIZED_AUTOS = YES;
				GCC_WARN_UNUSED_FUNCTION = YES;
				GCC_WARN_UNUSED_VARIABLE = YES;
				IPHONEOS_DEPLOYMENT_TARGET = 7.0;
				ONLY_ACTIVE_ARCH = YES;
				SDKROOT = iphoneos;
			};
			name = Debug;
		};
		318738BE18417B5E00DCBF9D /* Release */ = {
			isa = XCBuildConfiguration;
			buildSettings = {
				ALWAYS_SEARCH_USER_PATHS = NO;
				ARCHS = "$(ARCHS_STANDARD_INCLUDING_64_BIT)";
				CLANG_CXX_LANGUAGE_STANDARD = "gnu++0x";
				CLANG_CXX_LIBRARY = "libc++";
				CLANG_ENABLE_MODULES = YES;
				CLANG_ENABLE_OBJC_ARC = YES;
				CLANG_WARN_BOOL_CONVERSION = YES;
				CLANG_WARN_CONSTANT_CONVERSION = YES;
				CLANG_WARN_DIRECT_OBJC_ISA_USAGE = YES_ERROR;
				CLANG_WARN_EMPTY_BODY = YES;
				CLANG_WARN_ENUM_CONVERSION = YES;
				CLANG_WARN_INT_CONVERSION = YES;
				CLANG_WARN_OBJC_ROOT_CLASS = YES_ERROR;
				CLANG_WARN__DUPLICATE_METHOD_MATCH = YES;
				"CODE_SIGN_IDENTITY[sdk=iphoneos*]" = "iPhone Developer";
				COPY_PHASE_STRIP = YES;
				ENABLE_NS_ASSERTIONS = NO;
				GCC_C_LANGUAGE_STANDARD = gnu99;
				GCC_WARN_64_TO_32_BIT_CONVERSION = YES;
				GCC_WARN_ABOUT_RETURN_TYPE = YES_ERROR;
				GCC_WARN_UNDECLARED_SELECTOR = YES;
				GCC_WARN_UNINITIALIZED_AUTOS = YES;
				GCC_WARN_UNUSED_FUNCTION = YES;
				GCC_WARN_UNUSED_VARIABLE = YES;
				IPHONEOS_DEPLOYMENT_TARGET = 7.0;
				SDKROOT = iphoneos;
				VALIDATE_PRODUCT = YES;
			};
			name = Release;
		};
		318738C018417B5E00DCBF9D /* Debug */ = {
			isa = XCBuildConfiguration;
			buildSettings = {
				ASSETCATALOG_COMPILER_APPICON_NAME = AppIcon;
				ASSETCATALOG_COMPILER_LAUNCHIMAGE_NAME = LaunchImage;
				FRAMEWORK_SEARCH_PATHS = (
					"$(inherited)",
					"/Users/jasonsheehan/Desktop/CatFinder/Cat\\ Finder",
					"/Users/everyoneelse/Desktop/findercat/CatFinder/Cat\\ Finder",
				);
				GCC_PRECOMPILE_PREFIX_HEADER = YES;
				GCC_PREFIX_HEADER = "Cat Finder/Cat Finder-Prefix.pch";
				INFOPLIST_FILE = "Cat Finder/Cat Finder-Info.plist";
				PRODUCT_NAME = "$(TARGET_NAME)";
				WRAPPER_EXTENSION = app;
			};
			name = Debug;
		};
		318738C118417B5E00DCBF9D /* Release */ = {
			isa = XCBuildConfiguration;
			buildSettings = {
				ASSETCATALOG_COMPILER_APPICON_NAME = AppIcon;
				ASSETCATALOG_COMPILER_LAUNCHIMAGE_NAME = LaunchImage;
				FRAMEWORK_SEARCH_PATHS = (
					"$(inherited)",
					"/Users/jasonsheehan/Desktop/CatFinder/Cat\\ Finder",
					"/Users/everyoneelse/Desktop/findercat/CatFinder/Cat\\ Finder",
				);
				GCC_PRECOMPILE_PREFIX_HEADER = YES;
				GCC_PREFIX_HEADER = "Cat Finder/Cat Finder-Prefix.pch";
				INFOPLIST_FILE = "Cat Finder/Cat Finder-Info.plist";
				PRODUCT_NAME = "$(TARGET_NAME)";
				WRAPPER_EXTENSION = app;
			};
			name = Release;
		};
		318738C318417B5E00DCBF9D /* Debug */ = {
			isa = XCBuildConfiguration;
			buildSettings = {
				ARCHS = "$(ARCHS_STANDARD_INCLUDING_64_BIT)";
				BUNDLE_LOADER = "$(BUILT_PRODUCTS_DIR)/Cat Finder.app/Cat Finder";
				FRAMEWORK_SEARCH_PATHS = (
					"$(SDKROOT)/Developer/Library/Frameworks",
					"$(inherited)",
					"$(DEVELOPER_FRAMEWORKS_DIR)",
				);
				GCC_PRECOMPILE_PREFIX_HEADER = YES;
				GCC_PREFIX_HEADER = "Cat Finder/Cat Finder-Prefix.pch";
				GCC_PREPROCESSOR_DEFINITIONS = (
					"DEBUG=1",
					"$(inherited)",
				);
				INFOPLIST_FILE = "Cat FinderTests/Cat FinderTests-Info.plist";
				PRODUCT_NAME = "$(TARGET_NAME)";
				TEST_HOST = "$(BUNDLE_LOADER)";
				WRAPPER_EXTENSION = xctest;
			};
			name = Debug;
		};
		318738C418417B5E00DCBF9D /* Release */ = {
			isa = XCBuildConfiguration;
			buildSettings = {
				ARCHS = "$(ARCHS_STANDARD_INCLUDING_64_BIT)";
				BUNDLE_LOADER = "$(BUILT_PRODUCTS_DIR)/Cat Finder.app/Cat Finder";
				FRAMEWORK_SEARCH_PATHS = (
					"$(SDKROOT)/Developer/Library/Frameworks",
					"$(inherited)",
					"$(DEVELOPER_FRAMEWORKS_DIR)",
				);
				GCC_PRECOMPILE_PREFIX_HEADER = YES;
				GCC_PREFIX_HEADER = "Cat Finder/Cat Finder-Prefix.pch";
				INFOPLIST_FILE = "Cat FinderTests/Cat FinderTests-Info.plist";
				PRODUCT_NAME = "$(TARGET_NAME)";
				TEST_HOST = "$(BUNDLE_LOADER)";
				WRAPPER_EXTENSION = xctest;
			};
			name = Release;
		};
/* End XCBuildConfiguration section */

/* Begin XCConfigurationList section */
		3187388818417B5E00DCBF9D /* Build configuration list for PBXProject "Cat Finder" */ = {
			isa = XCConfigurationList;
			buildConfigurations = (
				318738BD18417B5E00DCBF9D /* Debug */,
				318738BE18417B5E00DCBF9D /* Release */,
			);
			defaultConfigurationIsVisible = 0;
			defaultConfigurationName = Release;
		};
		318738BF18417B5E00DCBF9D /* Build configuration list for PBXNativeTarget "Cat Finder" */ = {
			isa = XCConfigurationList;
			buildConfigurations = (
				318738C018417B5E00DCBF9D /* Debug */,
				318738C118417B5E00DCBF9D /* Release */,
			);
			defaultConfigurationIsVisible = 0;
			defaultConfigurationName = Release;
		};
		318738C218417B5E00DCBF9D /* Build configuration list for PBXNativeTarget "Cat FinderTests" */ = {
			isa = XCConfigurationList;
			buildConfigurations = (
				318738C318417B5E00DCBF9D /* Debug */,
				318738C418417B5E00DCBF9D /* Release */,
			);
			defaultConfigurationIsVisible = 0;
			defaultConfigurationName = Release;
		};
/* End XCConfigurationList section */
	};
	rootObject = 3187388518417B5E00DCBF9D /* Project object */;
}
